
Microsoft Visual Studio Solution File, Format Version 12.00
# Visual Studio Version 16
VisualStudioVersion = 16.0.31515.178
MinimumVisualStudioVersion = 10.0.40219.1
Project("{2150E333-8FDC-42A3-9474-1A3956D46DE8}") = "Homework 1", "Homework 1", "{212A8E9D-C015-4C07-A58A-8BD24DF60080}"
EndProject
Project("{2150E333-8FDC-42A3-9474-1A3956D46DE8}") = "Homework 2", "Homework 2", "{27FE3E26-C326-4BAF-9E73-770585CCB955}"
EndProject
Project("{9A19103F-16F7-4668-BE54-9A1E7A4F7556}") = "Exercise_02_01", "..\Homework 2\Exercise_02_01\Exercise_02_01.csproj", "{41750DDC-1F7C-4DBB-A877-DF1A3DF3A3FB}"
EndProject
Project("{9A19103F-16F7-4668-BE54-9A1E7A4F7556}") = "Exercise_02_02", "..\Homework 2\Exercise_02_02\Exercise_02_02.csproj", "{AC9AB150-30E1-4E23-8B2A-BD2878B009A9}"
EndProject
Project("{9A19103F-16F7-4668-BE54-9A1E7A4F7556}") = "Exercise_02_03", "..\Homework 2\Exercise_02_03\Exercise_02_03.csproj", "{5583A784-C0B7-473B-9DA2-FC5CB8271BE1}"
EndProject
Project("{9A19103F-16F7-4668-BE54-9A1E7A4F7556}") = "Exercise_02_04", "..\Homework 2\Exercise_02_04\Exercise_02_04.csproj", "{D26A5510-C1BF-45C2-AA7D-15AEA1619067}"
EndProject
Project("{9A19103F-16F7-4668-BE54-9A1E7A4F7556}") = "Exercise_02_05", "..\Homework 2\Exercise_02_05\Exercise_02_05.csproj", "{22162E47-3DD7-4EBD-B6E9-E8C3752AADF7}"
EndProject
Project("{9A19103F-16F7-4668-BE54-9A1E7A4F7556}") = "Exercise_02_06", "..\Homework 2\Exercise_02_06\Exercise_02_06.csproj", "{B9A7FCE1-39A3-46DD-A729-900A65FD5DC0}"
EndProject
Project("{9A19103F-16F7-4668-BE54-9A1E7A4F7556}") = "Exercise_02_07", "..\Homework 2\Exercise_02_07\Exercise_02_07.csproj", "{649ABDDD-F3BC-4EA6-9C35-A282F8AB2E6A}"
EndProject
Project("{9A19103F-16F7-4668-BE54-9A1E7A4F7556}") = "Exercise_01_01", "..\Homework 1\Exercise_01_01\Exercise_01_01.csproj", "{1550129D-1E19-47B7-934D-F8F41EBB6B85}"
EndProject
Project("{9A19103F-16F7-4668-BE54-9A1E7A4F7556}") = "Exercise_01_02", "..\Homework 1\Exercise_01_02\Exercise_01_02.csproj", "{4BC4F18B-1931-4209-A01B-59AAB82AB922}"
EndProject
Project("{9A19103F-16F7-4668-BE54-9A1E7A4F7556}") = "Exercise_01_03", "..\Homework 1\Exercise_01_03\Exercise_01_03.csproj", "{E98CD106-8EDE-4F86-BCCB-0F2C688D7916}"
EndProject
Project("{9A19103F-16F7-4668-BE54-9A1E7A4F7556}") = "Exercise_01_04", "..\Homework 1\Exercise_01_04\Exercise_01_04.csproj", "{38FC1B72-ECA7-4CA3-9CD9-DE6C219A7DA6}"
EndProject
Project("{9A19103F-16F7-4668-BE54-9A1E7A4F7556}") = "Exercise_01_05", "..\Homework 1\Exercise_01_05\Exercise_01_05.csproj", "{FFFE3CA1-C05D-43F6-B3E8-A29975EA8A8A}"
EndProject
Project("{2150E333-8FDC-42A3-9474-1A3956D46DE8}") = "Homework 3", "Homework 3", "{ABACDA51-C595-4010-9185-D5A1F90F4D70}"
EndProject
Project("{9A19103F-16F7-4668-BE54-9A1E7A4F7556}") = "Exercise_03_01", "..\Homework 3\Exercise_03_01\Exercise_03_01.csproj", "{376F0DA5-0DA6-4A4C-935A-AB1D492F63D9}"
EndProject
Project("{9A19103F-16F7-4668-BE54-9A1E7A4F7556}") = "Exercise_03_02", "..\Homework 3\Exercise_03_02\Exercise_03_02.csproj", "{F6FFBCF7-CF51-4EC8-B6D7-10CF5149F3C6}"
EndProject
Project("{9A19103F-16F7-4668-BE54-9A1E7A4F7556}") = "Exercise_03_03", "..\Homework 3\Exercise_03_03\Exercise_03_03.csproj", "{134BE1E2-1319-4754-B72E-5DCF26C57E0F}"
EndProject
Project("{2150E333-8FDC-42A3-9474-1A3956D46DE8}") = "Homework 4", "Homework 4", "{B8D5B8F0-8710-4B47-885F-D20CE8F717E9}"
EndProject
Project("{9A19103F-16F7-4668-BE54-9A1E7A4F7556}") = "Exercise_04_01", "..\Homework 4\Exercise_04_01\Exercise_04_01.csproj", "{A593C574-C9B3-4C36-93E6-0EC9F7DA6E76}"
EndProject
Project("{9A19103F-16F7-4668-BE54-9A1E7A4F7556}") = "Exercise_04_02", "..\Homework 4\Exercise_04_02\Exercise_04_02.csproj", "{856CEDD8-6476-45F7-BA46-EEBF1F8B7EDE}"
EndProject
Project("{9A19103F-16F7-4668-BE54-9A1E7A4F7556}") = "Exercise_04_03", "..\Homework 4\Exercise_04_03\Exercise_04_03.csproj", "{1B2DE203-D898-42A8-AA0B-59127F3CCEC8}"
EndProject
Project("{9A19103F-16F7-4668-BE54-9A1E7A4F7556}") = "Exercise_04_04", "..\Homework 4\Exercise_04_04\Exercise_04_04.csproj", "{2F299CCD-436D-4595-B0D0-9F1F450EF8DD}"
EndProject
Project("{9A19103F-16F7-4668-BE54-9A1E7A4F7556}") = "Exercise_04_05", "..\Homework 4\Exercise_04_05\Exercise_04_05.csproj", "{EFF56696-63C7-409D-ABFB-5C4448B5D9DC}"
EndProject
Project("{2150E333-8FDC-42A3-9474-1A3956D46DE8}") = "Homework 5", "Homework 5", "{7719F4FD-1303-4B93-BA4D-F3E4130511B2}"
EndProject
Project("{9A19103F-16F7-4668-BE54-9A1E7A4F7556}") = "Exercise_05_01", "..\Homework 5\Exercise_05_01\Exercise_05_01.csproj", "{2FF2D1F1-BDBF-4D0A-8D11-A7229AC6DA94}"
EndProject
Project("{9A19103F-16F7-4668-BE54-9A1E7A4F7556}") = "Exercise_05_02", "..\Homework 5\Exercise_05_02\Exercise_05_02.csproj", "{07320DEB-3038-4C9A-BFB4-29AFE3A30C9B}"
EndProject
Project("{9A19103F-16F7-4668-BE54-9A1E7A4F7556}") = "Exercise_05_03", "..\Homework 5\Exercise_05_03\Exercise_05_03.csproj", "{E5C887D1-DF76-4C0D-AD25-01A54DE9E2AD}"
EndProject
Project("{9A19103F-16F7-4668-BE54-9A1E7A4F7556}") = "Exercise_05_04", "..\Homework 5\Exercise_05_04\Exercise_05_04.csproj", "{6743A419-71F7-4293-B5FE-FF120FA1B9E6}"
EndProject
Project("{2150E333-8FDC-42A3-9474-1A3956D46DE8}") = "Homework 6", "Homework 6", "{57067021-4071-4C9E-8CCB-D639B9181697}"
EndProject
Project("{9A19103F-16F7-4668-BE54-9A1E7A4F7556}") = "Exercise_06_01", "..\Homework 6\Exercise_06_01\Exercise_06_01.csproj", "{AF4253D5-E5D4-46E5-8917-7EEB04BEC50E}"
EndProject
Project("{2150E333-8FDC-42A3-9474-1A3956D46DE8}") = "Homework 7", "Homework 7", "{6848EF5B-EB1F-49A0-AB95-FB08E29AE2D5}"
EndProject
Project("{FAE04EC0-301F-11D3-BF4B-00C04F79EFBC}") = "Exercise_07_01", "..\Homework 7\Exercise_07_01\Exercise_07_01.csproj", "{88E4A372-0B04-4476-B2AB-ABB6D5F3FF65}"
EndProject
Project("{FAE04EC0-301F-11D3-BF4B-00C04F79EFBC}") = "Exercise_07_02", "..\Homework 7\Exercise_07_02\Exercise_07_02.csproj", "{EDE9DC7A-215F-46AA-A909-A69668EDCB0C}"
EndProject
Global
	GlobalSection(SolutionConfigurationPlatforms) = preSolution
		Debug|Any CPU = Debug|Any CPU
		Release|Any CPU = Release|Any CPU
	EndGlobalSection
	GlobalSection(ProjectConfigurationPlatforms) = postSolution
		{41750DDC-1F7C-4DBB-A877-DF1A3DF3A3FB}.Debug|Any CPU.ActiveCfg = Debug|Any CPU
		{41750DDC-1F7C-4DBB-A877-DF1A3DF3A3FB}.Debug|Any CPU.Build.0 = Debug|Any CPU
		{41750DDC-1F7C-4DBB-A877-DF1A3DF3A3FB}.Release|Any CPU.ActiveCfg = Release|Any CPU
		{41750DDC-1F7C-4DBB-A877-DF1A3DF3A3FB}.Release|Any CPU.Build.0 = Release|Any CPU
		{AC9AB150-30E1-4E23-8B2A-BD2878B009A9}.Debug|Any CPU.ActiveCfg = Debug|Any CPU
		{AC9AB150-30E1-4E23-8B2A-BD2878B009A9}.Debug|Any CPU.Build.0 = Debug|Any CPU
		{AC9AB150-30E1-4E23-8B2A-BD2878B009A9}.Release|Any CPU.ActiveCfg = Release|Any CPU
		{AC9AB150-30E1-4E23-8B2A-BD2878B009A9}.Release|Any CPU.Build.0 = Release|Any CPU
		{5583A784-C0B7-473B-9DA2-FC5CB8271BE1}.Debug|Any CPU.ActiveCfg = Debug|Any CPU
		{5583A784-C0B7-473B-9DA2-FC5CB8271BE1}.Debug|Any CPU.Build.0 = Debug|Any CPU
		{5583A784-C0B7-473B-9DA2-FC5CB8271BE1}.Release|Any CPU.ActiveCfg = Release|Any CPU
		{5583A784-C0B7-473B-9DA2-FC5CB8271BE1}.Release|Any CPU.Build.0 = Release|Any CPU
		{D26A5510-C1BF-45C2-AA7D-15AEA1619067}.Debug|Any CPU.ActiveCfg = Debug|Any CPU
		{D26A5510-C1BF-45C2-AA7D-15AEA1619067}.Debug|Any CPU.Build.0 = Debug|Any CPU
		{D26A5510-C1BF-45C2-AA7D-15AEA1619067}.Release|Any CPU.ActiveCfg = Release|Any CPU
		{D26A5510-C1BF-45C2-AA7D-15AEA1619067}.Release|Any CPU.Build.0 = Release|Any CPU
		{22162E47-3DD7-4EBD-B6E9-E8C3752AADF7}.Debug|Any CPU.ActiveCfg = Debug|Any CPU
		{22162E47-3DD7-4EBD-B6E9-E8C3752AADF7}.Debug|Any CPU.Build.0 = Debug|Any CPU
		{22162E47-3DD7-4EBD-B6E9-E8C3752AADF7}.Release|Any CPU.ActiveCfg = Release|Any CPU
		{22162E47-3DD7-4EBD-B6E9-E8C3752AADF7}.Release|Any CPU.Build.0 = Release|Any CPU
		{B9A7FCE1-39A3-46DD-A729-900A65FD5DC0}.Debug|Any CPU.ActiveCfg = Debug|Any CPU
		{B9A7FCE1-39A3-46DD-A729-900A65FD5DC0}.Debug|Any CPU.Build.0 = Debug|Any CPU
		{B9A7FCE1-39A3-46DD-A729-900A65FD5DC0}.Release|Any CPU.ActiveCfg = Release|Any CPU
		{B9A7FCE1-39A3-46DD-A729-900A65FD5DC0}.Release|Any CPU.Build.0 = Release|Any CPU
		{649ABDDD-F3BC-4EA6-9C35-A282F8AB2E6A}.Debug|Any CPU.ActiveCfg = Debug|Any CPU
		{649ABDDD-F3BC-4EA6-9C35-A282F8AB2E6A}.Debug|Any CPU.Build.0 = Debug|Any CPU
		{649ABDDD-F3BC-4EA6-9C35-A282F8AB2E6A}.Release|Any CPU.ActiveCfg = Release|Any CPU
		{649ABDDD-F3BC-4EA6-9C35-A282F8AB2E6A}.Release|Any CPU.Build.0 = Release|Any CPU
		{1550129D-1E19-47B7-934D-F8F41EBB6B85}.Debug|Any CPU.ActiveCfg = Debug|Any CPU
		{1550129D-1E19-47B7-934D-F8F41EBB6B85}.Debug|Any CPU.Build.0 = Debug|Any CPU
		{1550129D-1E19-47B7-934D-F8F41EBB6B85}.Release|Any CPU.ActiveCfg = Release|Any CPU
		{1550129D-1E19-47B7-934D-F8F41EBB6B85}.Release|Any CPU.Build.0 = Release|Any CPU
		{4BC4F18B-1931-4209-A01B-59AAB82AB922}.Debug|Any CPU.ActiveCfg = Debug|Any CPU
		{4BC4F18B-1931-4209-A01B-59AAB82AB922}.Debug|Any CPU.Build.0 = Debug|Any CPU
		{4BC4F18B-1931-4209-A01B-59AAB82AB922}.Release|Any CPU.ActiveCfg = Release|Any CPU
		{4BC4F18B-1931-4209-A01B-59AAB82AB922}.Release|Any CPU.Build.0 = Release|Any CPU
		{E98CD106-8EDE-4F86-BCCB-0F2C688D7916}.Debug|Any CPU.ActiveCfg = Debug|Any CPU
		{E98CD106-8EDE-4F86-BCCB-0F2C688D7916}.Debug|Any CPU.Build.0 = Debug|Any CPU
		{E98CD106-8EDE-4F86-BCCB-0F2C688D7916}.Release|Any CPU.ActiveCfg = Release|Any CPU
		{E98CD106-8EDE-4F86-BCCB-0F2C688D7916}.Release|Any CPU.Build.0 = Release|Any CPU
		{38FC1B72-ECA7-4CA3-9CD9-DE6C219A7DA6}.Debug|Any CPU.ActiveCfg = Debug|Any CPU
		{38FC1B72-ECA7-4CA3-9CD9-DE6C219A7DA6}.Debug|Any CPU.Build.0 = Debug|Any CPU
		{38FC1B72-ECA7-4CA3-9CD9-DE6C219A7DA6}.Release|Any CPU.ActiveCfg = Release|Any CPU
		{38FC1B72-ECA7-4CA3-9CD9-DE6C219A7DA6}.Release|Any CPU.Build.0 = Release|Any CPU
		{FFFE3CA1-C05D-43F6-B3E8-A29975EA8A8A}.Debug|Any CPU.ActiveCfg = Debug|Any CPU
		{FFFE3CA1-C05D-43F6-B3E8-A29975EA8A8A}.Debug|Any CPU.Build.0 = Debug|Any CPU
		{FFFE3CA1-C05D-43F6-B3E8-A29975EA8A8A}.Release|Any CPU.ActiveCfg = Release|Any CPU
		{FFFE3CA1-C05D-43F6-B3E8-A29975EA8A8A}.Release|Any CPU.Build.0 = Release|Any CPU
		{376F0DA5-0DA6-4A4C-935A-AB1D492F63D9}.Debug|Any CPU.ActiveCfg = Debug|Any CPU
		{376F0DA5-0DA6-4A4C-935A-AB1D492F63D9}.Debug|Any CPU.Build.0 = Debug|Any CPU
		{376F0DA5-0DA6-4A4C-935A-AB1D492F63D9}.Release|Any CPU.ActiveCfg = Release|Any CPU
		{376F0DA5-0DA6-4A4C-935A-AB1D492F63D9}.Release|Any CPU.Build.0 = Release|Any CPU
		{F6FFBCF7-CF51-4EC8-B6D7-10CF5149F3C6}.Debug|Any CPU.ActiveCfg = Debug|Any CPU
		{F6FFBCF7-CF51-4EC8-B6D7-10CF5149F3C6}.Debug|Any CPU.Build.0 = Debug|Any CPU
		{F6FFBCF7-CF51-4EC8-B6D7-10CF5149F3C6}.Release|Any CPU.ActiveCfg = Release|Any CPU
		{F6FFBCF7-CF51-4EC8-B6D7-10CF5149F3C6}.Release|Any CPU.Build.0 = Release|Any CPU
		{134BE1E2-1319-4754-B72E-5DCF26C57E0F}.Debug|Any CPU.ActiveCfg = Debug|Any CPU
		{134BE1E2-1319-4754-B72E-5DCF26C57E0F}.Debug|Any CPU.Build.0 = Debug|Any CPU
		{134BE1E2-1319-4754-B72E-5DCF26C57E0F}.Release|Any CPU.ActiveCfg = Release|Any CPU
		{134BE1E2-1319-4754-B72E-5DCF26C57E0F}.Release|Any CPU.Build.0 = Release|Any CPU
		{A593C574-C9B3-4C36-93E6-0EC9F7DA6E76}.Debug|Any CPU.ActiveCfg = Debug|Any CPU
		{A593C574-C9B3-4C36-93E6-0EC9F7DA6E76}.Debug|Any CPU.Build.0 = Debug|Any CPU
		{A593C574-C9B3-4C36-93E6-0EC9F7DA6E76}.Release|Any CPU.ActiveCfg = Release|Any CPU
		{A593C574-C9B3-4C36-93E6-0EC9F7DA6E76}.Release|Any CPU.Build.0 = Release|Any CPU
		{856CEDD8-6476-45F7-BA46-EEBF1F8B7EDE}.Debug|Any CPU.ActiveCfg = Debug|Any CPU
		{856CEDD8-6476-45F7-BA46-EEBF1F8B7EDE}.Debug|Any CPU.Build.0 = Debug|Any CPU
		{856CEDD8-6476-45F7-BA46-EEBF1F8B7EDE}.Release|Any CPU.ActiveCfg = Release|Any CPU
		{856CEDD8-6476-45F7-BA46-EEBF1F8B7EDE}.Release|Any CPU.Build.0 = Release|Any CPU
		{1B2DE203-D898-42A8-AA0B-59127F3CCEC8}.Debug|Any CPU.ActiveCfg = Debug|Any CPU
		{1B2DE203-D898-42A8-AA0B-59127F3CCEC8}.Debug|Any CPU.Build.0 = Debug|Any CPU
		{1B2DE203-D898-42A8-AA0B-59127F3CCEC8}.Release|Any CPU.ActiveCfg = Release|Any CPU
		{1B2DE203-D898-42A8-AA0B-59127F3CCEC8}.Release|Any CPU.Build.0 = Release|Any CPU
		{2F299CCD-436D-4595-B0D0-9F1F450EF8DD}.Debug|Any CPU.ActiveCfg = Debug|Any CPU
		{2F299CCD-436D-4595-B0D0-9F1F450EF8DD}.Debug|Any CPU.Build.0 = Debug|Any CPU
		{2F299CCD-436D-4595-B0D0-9F1F450EF8DD}.Release|Any CPU.ActiveCfg = Release|Any CPU
		{2F299CCD-436D-4595-B0D0-9F1F450EF8DD}.Release|Any CPU.Build.0 = Release|Any CPU
		{EFF56696-63C7-409D-ABFB-5C4448B5D9DC}.Debug|Any CPU.ActiveCfg = Debug|Any CPU
		{EFF56696-63C7-409D-ABFB-5C4448B5D9DC}.Debug|Any CPU.Build.0 = Debug|Any CPU
		{EFF56696-63C7-409D-ABFB-5C4448B5D9DC}.Release|Any CPU.ActiveCfg = Release|Any CPU
		{EFF56696-63C7-409D-ABFB-5C4448B5D9DC}.Release|Any CPU.Build.0 = Release|Any CPU
		{2FF2D1F1-BDBF-4D0A-8D11-A7229AC6DA94}.Debug|Any CPU.ActiveCfg = Debug|Any CPU
		{2FF2D1F1-BDBF-4D0A-8D11-A7229AC6DA94}.Debug|Any CPU.Build.0 = Debug|Any CPU
		{2FF2D1F1-BDBF-4D0A-8D11-A7229AC6DA94}.Release|Any CPU.ActiveCfg = Release|Any CPU
		{2FF2D1F1-BDBF-4D0A-8D11-A7229AC6DA94}.Release|Any CPU.Build.0 = Release|Any CPU
		{07320DEB-3038-4C9A-BFB4-29AFE3A30C9B}.Debug|Any CPU.ActiveCfg = Debug|Any CPU
		{07320DEB-3038-4C9A-BFB4-29AFE3A30C9B}.Debug|Any CPU.Build.0 = Debug|Any CPU
		{07320DEB-3038-4C9A-BFB4-29AFE3A30C9B}.Release|Any CPU.ActiveCfg = Release|Any CPU
		{07320DEB-3038-4C9A-BFB4-29AFE3A30C9B}.Release|Any CPU.Build.0 = Release|Any CPU
		{E5C887D1-DF76-4C0D-AD25-01A54DE9E2AD}.Debug|Any CPU.ActiveCfg = Debug|Any CPU
		{E5C887D1-DF76-4C0D-AD25-01A54DE9E2AD}.Debug|Any CPU.Build.0 = Debug|Any CPU
		{E5C887D1-DF76-4C0D-AD25-01A54DE9E2AD}.Release|Any CPU.ActiveCfg = Release|Any CPU
		{E5C887D1-DF76-4C0D-AD25-01A54DE9E2AD}.Release|Any CPU.Build.0 = Release|Any CPU
		{6743A419-71F7-4293-B5FE-FF120FA1B9E6}.Debug|Any CPU.ActiveCfg = Debug|Any CPU
		{6743A419-71F7-4293-B5FE-FF120FA1B9E6}.Debug|Any CPU.Build.0 = Debug|Any CPU
		{6743A419-71F7-4293-B5FE-FF120FA1B9E6}.Release|Any CPU.ActiveCfg = Release|Any CPU
		{6743A419-71F7-4293-B5FE-FF120FA1B9E6}.Release|Any CPU.Build.0 = Release|Any CPU
		{AF4253D5-E5D4-46E5-8917-7EEB04BEC50E}.Debug|Any CPU.ActiveCfg = Debug|Any CPU
		{AF4253D5-E5D4-46E5-8917-7EEB04BEC50E}.Debug|Any CPU.Build.0 = Debug|Any CPU
		{AF4253D5-E5D4-46E5-8917-7EEB04BEC50E}.Release|Any CPU.ActiveCfg = Release|Any CPU
		{AF4253D5-E5D4-46E5-8917-7EEB04BEC50E}.Release|Any CPU.Build.0 = Release|Any CPU
		{88E4A372-0B04-4476-B2AB-ABB6D5F3FF65}.Debug|Any CPU.ActiveCfg = Debug|Any CPU
		{88E4A372-0B04-4476-B2AB-ABB6D5F3FF65}.Debug|Any CPU.Build.0 = Debug|Any CPU
		{88E4A372-0B04-4476-B2AB-ABB6D5F3FF65}.Release|Any CPU.ActiveCfg = Release|Any CPU
		{88E4A372-0B04-4476-B2AB-ABB6D5F3FF65}.Release|Any CPU.Build.0 = Release|Any CPU
		{EDE9DC7A-215F-46AA-A909-A69668EDCB0C}.Debug|Any CPU.ActiveCfg = Debug|Any CPU
		{EDE9DC7A-215F-46AA-A909-A69668EDCB0C}.Debug|Any CPU.Build.0 = Debug|Any CPU
		{EDE9DC7A-215F-46AA-A909-A69668EDCB0C}.Release|Any CPU.ActiveCfg = Release|Any CPU
		{EDE9DC7A-215F-46AA-A909-A69668EDCB0C}.Release|Any CPU.Build.0 = Release|Any CPU
	EndGlobalSection
	GlobalSection(SolutionProperties) = preSolution
		HideSolutionNode = FALSE
	EndGlobalSection
	GlobalSection(NestedProjects) = preSolution
		{41750DDC-1F7C-4DBB-A877-DF1A3DF3A3FB} = {27FE3E26-C326-4BAF-9E73-770585CCB955}
		{AC9AB150-30E1-4E23-8B2A-BD2878B009A9} = {27FE3E26-C326-4BAF-9E73-770585CCB955}
		{5583A784-C0B7-473B-9DA2-FC5CB8271BE1} = {27FE3E26-C326-4BAF-9E73-770585CCB955}
		{D26A5510-C1BF-45C2-AA7D-15AEA1619067} = {27FE3E26-C326-4BAF-9E73-770585CCB955}
		{22162E47-3DD7-4EBD-B6E9-E8C3752AADF7} = {27FE3E26-C326-4BAF-9E73-770585CCB955}
		{B9A7FCE1-39A3-46DD-A729-900A65FD5DC0} = {27FE3E26-C326-4BAF-9E73-770585CCB955}
		{649ABDDD-F3BC-4EA6-9C35-A282F8AB2E6A} = {27FE3E26-C326-4BAF-9E73-770585CCB955}
		{1550129D-1E19-47B7-934D-F8F41EBB6B85} = {212A8E9D-C015-4C07-A58A-8BD24DF60080}
		{4BC4F18B-1931-4209-A01B-59AAB82AB922} = {212A8E9D-C015-4C07-A58A-8BD24DF60080}
		{E98CD106-8EDE-4F86-BCCB-0F2C688D7916} = {212A8E9D-C015-4C07-A58A-8BD24DF60080}
		{38FC1B72-ECA7-4CA3-9CD9-DE6C219A7DA6} = {212A8E9D-C015-4C07-A58A-8BD24DF60080}
		{FFFE3CA1-C05D-43F6-B3E8-A29975EA8A8A} = {212A8E9D-C015-4C07-A58A-8BD24DF60080}
		{376F0DA5-0DA6-4A4C-935A-AB1D492F63D9} = {ABACDA51-C595-4010-9185-D5A1F90F4D70}
		{F6FFBCF7-CF51-4EC8-B6D7-10CF5149F3C6} = {ABACDA51-C595-4010-9185-D5A1F90F4D70}
		{134BE1E2-1319-4754-B72E-5DCF26C57E0F} = {ABACDA51-C595-4010-9185-D5A1F90F4D70}
		{A593C574-C9B3-4C36-93E6-0EC9F7DA6E76} = {B8D5B8F0-8710-4B47-885F-D20CE8F717E9}
		{856CEDD8-6476-45F7-BA46-EEBF1F8B7EDE} = {B8D5B8F0-8710-4B47-885F-D20CE8F717E9}
		{1B2DE203-D898-42A8-AA0B-59127F3CCEC8} = {B8D5B8F0-8710-4B47-885F-D20CE8F717E9}
		{2F299CCD-436D-4595-B0D0-9F1F450EF8DD} = {B8D5B8F0-8710-4B47-885F-D20CE8F717E9}
		{EFF56696-63C7-409D-ABFB-5C4448B5D9DC} = {B8D5B8F0-8710-4B47-885F-D20CE8F717E9}
		{2FF2D1F1-BDBF-4D0A-8D11-A7229AC6DA94} = {7719F4FD-1303-4B93-BA4D-F3E4130511B2}
		{07320DEB-3038-4C9A-BFB4-29AFE3A30C9B} = {7719F4FD-1303-4B93-BA4D-F3E4130511B2}
		{E5C887D1-DF76-4C0D-AD25-01A54DE9E2AD} = {7719F4FD-1303-4B93-BA4D-F3E4130511B2}
		{6743A419-71F7-4293-B5FE-FF120FA1B9E6} = {7719F4FD-1303-4B93-BA4D-F3E4130511B2}
		{AF4253D5-E5D4-46E5-8917-7EEB04BEC50E} = {57067021-4071-4C9E-8CCB-D639B9181697}
		{88E4A372-0B04-4476-B2AB-ABB6D5F3FF65} = {6848EF5B-EB1F-49A0-AB95-FB08E29AE2D5}
		{EDE9DC7A-215F-46AA-A909-A69668EDCB0C} = {6848EF5B-EB1F-49A0-AB95-FB08E29AE2D5}
	EndGlobalSection
	GlobalSection(ExtensibilityGlobals) = postSolution
		SolutionGuid = {9D825DEF-1BEC-4F8A-A238-9C75214C196E}
	EndGlobalSection
EndGlobal
