
Microsoft Visual Studio Solution File, Format Version 12.00
# Visual Studio Version 16
VisualStudioVersion = 16.0.31515.178
MinimumVisualStudioVersion = 10.0.40219.1
Project("{9A19103F-16F7-4668-BE54-9A1E7A4F7556}") = "CSharpBasics", "CSharpBasics.csproj", "{D74049E0-32D2-4BB6-932A-A00444D86575}"
EndProject
Project("{2150E333-8FDC-42A3-9474-1A3956D46DE8}") = "Homework 1", "Homework 1", "{212A8E9D-C015-4C07-A58A-8BD24DF60080}"
EndProject
Project("{9A19103F-16F7-4668-BE54-9A1E7A4F7556}") = "Exercise_01_01", "..\Exercise_01_01\Exercise_01_01.csproj", "{E1E12E82-D22D-4054-B779-EC386BCC278A}"
EndProject
Project("{9A19103F-16F7-4668-BE54-9A1E7A4F7556}") = "Exercise_01_02", "..\Exercise_01_02\Exercise_01_02.csproj", "{E74778BC-9269-4561-A1D5-A044AF8FC04B}"
EndProject
Project("{9A19103F-16F7-4668-BE54-9A1E7A4F7556}") = "Exercise_01_03", "..\Exercise_01_03\Exercise_01_03.csproj", "{368B7829-B2B0-4B3C-90AE-D1AD47A7952C}"
EndProject
Project("{9A19103F-16F7-4668-BE54-9A1E7A4F7556}") = "Exercise_01_04", "..\Exercise_01_04\Exercise_01_04.csproj", "{C39AD089-E123-4FF8-893A-2091F418AEC1}"
EndProject
Project("{9A19103F-16F7-4668-BE54-9A1E7A4F7556}") = "Exercise_01_05", "..\Exercise_01_05\Exercise_01_05.csproj", "{FE482ED6-FDEB-45F8-8E7C-B68088C83A93}"
EndProject
Project("{2150E333-8FDC-42A3-9474-1A3956D46DE8}") = "Homework 2", "Homework 2", "{27FE3E26-C326-4BAF-9E73-770585CCB955}"
EndProject
Project("{FAE04EC0-301F-11D3-BF4B-00C04F79EFBC}") = "Exercise_02_01", "..\Exercise_02_01\Exercise_02_01.csproj", "{BABA28A0-8E9E-4DBD-B7A9-92517E56D866}"
EndProject
Project("{FAE04EC0-301F-11D3-BF4B-00C04F79EFBC}") = "Exercise_02_02", "..\Exercise_02_02\Exercise_02_02.csproj", "{B2136905-7DF0-48FE-9BFB-F22F97ECD2C6}"
EndProject
Project("{FAE04EC0-301F-11D3-BF4B-00C04F79EFBC}") = "Exercise_02_03", "..\Exercise_02_03\Exercise_02_03.csproj", "{AACBE0A5-9798-4D39-83DA-AE63E97B4632}"
EndProject
Project("{FAE04EC0-301F-11D3-BF4B-00C04F79EFBC}") = "Exercise_02_04", "..\Exercise_02_04\Exercise_02_04.csproj", "{C4EACC0A-3D45-49DE-B065-3BAB0A6B6C1D}"
EndProject
Project("{FAE04EC0-301F-11D3-BF4B-00C04F79EFBC}") = "Exercise_02_05", "..\Exercise_02_05\Exercise_02_05.csproj", "{C7A5DEC8-5E89-43E5-937C-24482AB0E9C8}"
EndProject
Project("{FAE04EC0-301F-11D3-BF4B-00C04F79EFBC}") = "Exercise_02_06", "..\Exercise_02_06\Exercise_02_06.csproj", "{70D479B0-D23C-438B-92FF-0524092BCA89}"
EndProject
Project("{FAE04EC0-301F-11D3-BF4B-00C04F79EFBC}") = "Exercise_02_07", "..\Exercise_02_07\Exercise_02_07.csproj", "{87997EF8-D19C-44EA-9451-0164DE685888}"
EndProject
Global
	GlobalSection(SolutionConfigurationPlatforms) = preSolution
		Debug|Any CPU = Debug|Any CPU
		Release|Any CPU = Release|Any CPU
	EndGlobalSection
	GlobalSection(ProjectConfigurationPlatforms) = postSolution
		{D74049E0-32D2-4BB6-932A-A00444D86575}.Debug|Any CPU.ActiveCfg = Debug|Any CPU
		{D74049E0-32D2-4BB6-932A-A00444D86575}.Debug|Any CPU.Build.0 = Debug|Any CPU
		{D74049E0-32D2-4BB6-932A-A00444D86575}.Release|Any CPU.ActiveCfg = Release|Any CPU
		{D74049E0-32D2-4BB6-932A-A00444D86575}.Release|Any CPU.Build.0 = Release|Any CPU
		{E1E12E82-D22D-4054-B779-EC386BCC278A}.Debug|Any CPU.ActiveCfg = Debug|Any CPU
		{E1E12E82-D22D-4054-B779-EC386BCC278A}.Debug|Any CPU.Build.0 = Debug|Any CPU
		{E1E12E82-D22D-4054-B779-EC386BCC278A}.Release|Any CPU.ActiveCfg = Release|Any CPU
		{E1E12E82-D22D-4054-B779-EC386BCC278A}.Release|Any CPU.Build.0 = Release|Any CPU
		{E74778BC-9269-4561-A1D5-A044AF8FC04B}.Debug|Any CPU.ActiveCfg = Debug|Any CPU
		{E74778BC-9269-4561-A1D5-A044AF8FC04B}.Debug|Any CPU.Build.0 = Debug|Any CPU
		{E74778BC-9269-4561-A1D5-A044AF8FC04B}.Release|Any CPU.ActiveCfg = Release|Any CPU
		{E74778BC-9269-4561-A1D5-A044AF8FC04B}.Release|Any CPU.Build.0 = Release|Any CPU
		{368B7829-B2B0-4B3C-90AE-D1AD47A7952C}.Debug|Any CPU.ActiveCfg = Debug|Any CPU
		{368B7829-B2B0-4B3C-90AE-D1AD47A7952C}.Debug|Any CPU.Build.0 = Debug|Any CPU
		{368B7829-B2B0-4B3C-90AE-D1AD47A7952C}.Release|Any CPU.ActiveCfg = Release|Any CPU
		{368B7829-B2B0-4B3C-90AE-D1AD47A7952C}.Release|Any CPU.Build.0 = Release|Any CPU
		{C39AD089-E123-4FF8-893A-2091F418AEC1}.Debug|Any CPU.ActiveCfg = Debug|Any CPU
		{C39AD089-E123-4FF8-893A-2091F418AEC1}.Debug|Any CPU.Build.0 = Debug|Any CPU
		{C39AD089-E123-4FF8-893A-2091F418AEC1}.Release|Any CPU.ActiveCfg = Release|Any CPU
		{C39AD089-E123-4FF8-893A-2091F418AEC1}.Release|Any CPU.Build.0 = Release|Any CPU
		{FE482ED6-FDEB-45F8-8E7C-B68088C83A93}.Debug|Any CPU.ActiveCfg = Debug|Any CPU
		{FE482ED6-FDEB-45F8-8E7C-B68088C83A93}.Debug|Any CPU.Build.0 = Debug|Any CPU
		{FE482ED6-FDEB-45F8-8E7C-B68088C83A93}.Release|Any CPU.ActiveCfg = Release|Any CPU
		{FE482ED6-FDEB-45F8-8E7C-B68088C83A93}.Release|Any CPU.Build.0 = Release|Any CPU
		{BABA28A0-8E9E-4DBD-B7A9-92517E56D866}.Debug|Any CPU.ActiveCfg = Debug|Any CPU
		{BABA28A0-8E9E-4DBD-B7A9-92517E56D866}.Debug|Any CPU.Build.0 = Debug|Any CPU
		{BABA28A0-8E9E-4DBD-B7A9-92517E56D866}.Release|Any CPU.ActiveCfg = Release|Any CPU
		{BABA28A0-8E9E-4DBD-B7A9-92517E56D866}.Release|Any CPU.Build.0 = Release|Any CPU
		{B2136905-7DF0-48FE-9BFB-F22F97ECD2C6}.Debug|Any CPU.ActiveCfg = Debug|Any CPU
		{B2136905-7DF0-48FE-9BFB-F22F97ECD2C6}.Debug|Any CPU.Build.0 = Debug|Any CPU
		{B2136905-7DF0-48FE-9BFB-F22F97ECD2C6}.Release|Any CPU.ActiveCfg = Release|Any CPU
		{B2136905-7DF0-48FE-9BFB-F22F97ECD2C6}.Release|Any CPU.Build.0 = Release|Any CPU
		{AACBE0A5-9798-4D39-83DA-AE63E97B4632}.Debug|Any CPU.ActiveCfg = Debug|Any CPU
		{AACBE0A5-9798-4D39-83DA-AE63E97B4632}.Debug|Any CPU.Build.0 = Debug|Any CPU
		{AACBE0A5-9798-4D39-83DA-AE63E97B4632}.Release|Any CPU.ActiveCfg = Release|Any CPU
		{AACBE0A5-9798-4D39-83DA-AE63E97B4632}.Release|Any CPU.Build.0 = Release|Any CPU
		{C4EACC0A-3D45-49DE-B065-3BAB0A6B6C1D}.Debug|Any CPU.ActiveCfg = Debug|Any CPU
		{C4EACC0A-3D45-49DE-B065-3BAB0A6B6C1D}.Debug|Any CPU.Build.0 = Debug|Any CPU
		{C4EACC0A-3D45-49DE-B065-3BAB0A6B6C1D}.Release|Any CPU.ActiveCfg = Release|Any CPU
		{C4EACC0A-3D45-49DE-B065-3BAB0A6B6C1D}.Release|Any CPU.Build.0 = Release|Any CPU
		{C7A5DEC8-5E89-43E5-937C-24482AB0E9C8}.Debug|Any CPU.ActiveCfg = Debug|Any CPU
		{C7A5DEC8-5E89-43E5-937C-24482AB0E9C8}.Debug|Any CPU.Build.0 = Debug|Any CPU
		{C7A5DEC8-5E89-43E5-937C-24482AB0E9C8}.Release|Any CPU.ActiveCfg = Release|Any CPU
		{C7A5DEC8-5E89-43E5-937C-24482AB0E9C8}.Release|Any CPU.Build.0 = Release|Any CPU
		{70D479B0-D23C-438B-92FF-0524092BCA89}.Debug|Any CPU.ActiveCfg = Debug|Any CPU
		{70D479B0-D23C-438B-92FF-0524092BCA89}.Debug|Any CPU.Build.0 = Debug|Any CPU
		{70D479B0-D23C-438B-92FF-0524092BCA89}.Release|Any CPU.ActiveCfg = Release|Any CPU
		{70D479B0-D23C-438B-92FF-0524092BCA89}.Release|Any CPU.Build.0 = Release|Any CPU
		{87997EF8-D19C-44EA-9451-0164DE685888}.Debug|Any CPU.ActiveCfg = Debug|Any CPU
		{87997EF8-D19C-44EA-9451-0164DE685888}.Debug|Any CPU.Build.0 = Debug|Any CPU
		{87997EF8-D19C-44EA-9451-0164DE685888}.Release|Any CPU.ActiveCfg = Release|Any CPU
		{87997EF8-D19C-44EA-9451-0164DE685888}.Release|Any CPU.Build.0 = Release|Any CPU
	EndGlobalSection
	GlobalSection(SolutionProperties) = preSolution
		HideSolutionNode = FALSE
	EndGlobalSection
	GlobalSection(NestedProjects) = preSolution
		{E1E12E82-D22D-4054-B779-EC386BCC278A} = {212A8E9D-C015-4C07-A58A-8BD24DF60080}
		{E74778BC-9269-4561-A1D5-A044AF8FC04B} = {212A8E9D-C015-4C07-A58A-8BD24DF60080}
		{368B7829-B2B0-4B3C-90AE-D1AD47A7952C} = {212A8E9D-C015-4C07-A58A-8BD24DF60080}
		{C39AD089-E123-4FF8-893A-2091F418AEC1} = {212A8E9D-C015-4C07-A58A-8BD24DF60080}
		{FE482ED6-FDEB-45F8-8E7C-B68088C83A93} = {212A8E9D-C015-4C07-A58A-8BD24DF60080}
		{BABA28A0-8E9E-4DBD-B7A9-92517E56D866} = {27FE3E26-C326-4BAF-9E73-770585CCB955}
		{B2136905-7DF0-48FE-9BFB-F22F97ECD2C6} = {27FE3E26-C326-4BAF-9E73-770585CCB955}
		{AACBE0A5-9798-4D39-83DA-AE63E97B4632} = {27FE3E26-C326-4BAF-9E73-770585CCB955}
		{C4EACC0A-3D45-49DE-B065-3BAB0A6B6C1D} = {27FE3E26-C326-4BAF-9E73-770585CCB955}
		{C7A5DEC8-5E89-43E5-937C-24482AB0E9C8} = {27FE3E26-C326-4BAF-9E73-770585CCB955}
		{70D479B0-D23C-438B-92FF-0524092BCA89} = {27FE3E26-C326-4BAF-9E73-770585CCB955}
		{87997EF8-D19C-44EA-9451-0164DE685888} = {27FE3E26-C326-4BAF-9E73-770585CCB955}
	EndGlobalSection
	GlobalSection(ExtensibilityGlobals) = postSolution
		SolutionGuid = {9D825DEF-1BEC-4F8A-A238-9C75214C196E}
	EndGlobalSection
EndGlobal
